
Microsoft Visual Studio Solution File, Format Version 12.00
# Visual Studio Version 16
VisualStudioVersion = 16.0.29728.190
MinimumVisualStudioVersion = 10.0.40219.1
Project("{9A19103F-16F7-4668-BE54-9A1E7A4F7556}") = "webapp", "webapp.csproj", "{E526B6CD-61E9-4E1B-AEF8-716130A669C0}"
EndProject
Global
	GlobalSection(SolutionConfigurationPlatforms) = preSolution
		Debug|Any CPU = Debug|Any CPU
		Release|Any CPU = Release|Any CPU
	EndGlobalSection
	GlobalSection(ProjectConfigurationPlatforms) = postSolution
		{E526B6CD-61E9-4E1B-AEF8-716130A669C0}.Debug|Any CPU.ActiveCfg = Debug|Any CPU
		{E526B6CD-61E9-4E1B-AEF8-716130A669C0}.Debug|Any CPU.Build.0 = Debug|Any CPU
		{E526B6CD-61E9-4E1B-AEF8-716130A669C0}.Release|Any CPU.ActiveCfg = Release|Any CPU
		{E526B6CD-61E9-4E1B-AEF8-716130A669C0}.Release|Any CPU.Build.0 = Release|Any CPU
		{FE581D0E-9D12-45EA-A4AC-08DEC397B3D2}.Debug|Any CPU.ActiveCfg = Debug|Any CPU
		{FE581D0E-9D12-45EA-A4AC-08DEC397B3D2}.Debug|Any CPU.Build.0 = Debug|Any CPU
		{FE581D0E-9D12-45EA-A4AC-08DEC397B3D2}.Release|Any CPU.ActiveCfg = Release|Any CPU
		{FE581D0E-9D12-45EA-A4AC-08DEC397B3D2}.Release|Any CPU.Build.0 = Release|Any CPU
	EndGlobalSection
	GlobalSection(SolutionProperties) = preSolution
		HideSolutionNode = FALSE
	EndGlobalSection
	GlobalSection(ExtensibilityGlobals) = postSolution
		SolutionGuid = {0B6F7808-C14E-4833-AC69-8C13E687255B}
	EndGlobalSection
EndGlobal
